
Microsoft Visual Studio Solution File, Format Version 12.00
# Visual Studio Version 16
VisualStudioVersion = 16.0.29509.3
MinimumVisualStudioVersion = 10.0.40219.1
Project("{FAE04EC0-301F-11D3-BF4B-00C04F79EFBC}") = "Szinkep", "Szinkep\Szinkep.csproj", "{A18B411E-FD1C-413D-B327-167688B24D53}"
EndProject
Project("{2150E333-8FDC-42A3-9474-1A3956D46DE8}") = "Solution Items", "Solution Items", "{7B4B7625-3598-4ED9-BFC6-BEE5A3DBD4F5}"
	ProjectSection(SolutionItems) = preProject
		README.md = README.md
	EndProjectSection
EndProject
Global
	GlobalSection(SolutionConfigurationPlatforms) = preSolution
		Debug|Any CPU = Debug|Any CPU
		Release|Any CPU = Release|Any CPU
	EndGlobalSection
	GlobalSection(ProjectConfigurationPlatforms) = postSolution
		{A18B411E-FD1C-413D-B327-167688B24D53}.Debug|Any CPU.ActiveCfg = Debug|Any CPU
		{A18B411E-FD1C-413D-B327-167688B24D53}.Debug|Any CPU.Build.0 = Debug|Any CPU
		{A18B411E-FD1C-413D-B327-167688B24D53}.Release|Any CPU.ActiveCfg = Release|Any CPU
		{A18B411E-FD1C-413D-B327-167688B24D53}.Release|Any CPU.Build.0 = Release|Any CPU
	EndGlobalSection
	GlobalSection(SolutionProperties) = preSolution
		HideSolutionNode = FALSE
	EndGlobalSection
	GlobalSection(ExtensibilityGlobals) = postSolution
		SolutionGuid = {1F11E16F-1630-412B-AF99-D033C225B1BC}
	EndGlobalSection
EndGlobal
